# Generated by pub
# See https://dart.dev/tools/pub/glossary#lockfile
packages:
  lints:
    dependency: "direct dev"
    description:
      name: lints
      sha256: "12f842a479589fea194fe5c5a3095abc7be0c1f2ddfa9a0e76aed1dbd26a87df"
      url: "https://pub.dev"
    source: hosted
    version: "6.1.0"
  meta:
    dependency: transitive
    description:
      name: meta
      sha256: df0c643f44ad098eb37988027a8e2b2b5a031fd3977f06bbfd3a76637e8df739
      url: "https://pub.dev"
    source: hosted
    version: "1.18.2"
  terradart_core:
    dependency: "direct main"
    description:
      name: terradart_core
      sha256: dfb97bd14a821750a44e7989db68016bc96d006944c1a5df2d8958d5141e516b
      url: "https://pub.dev"
    source: hosted
    version: "0.11.0"
  terradart_google:
    dependency: "direct main"
    description:
      name: terradart_google
      sha256: "4495eb1c90fbcc2d7e11d65d1cd2b02bd6725ba9588c245f2ef10f6ef801b277"
      url: "https://pub.dev"
    source: hosted
    version: "0.11.0"
sdks:
  dart: ">=3.8.0 <4.0.0"
