# Generated by pub
# See https://dart.dev/tools/pub/glossary#lockfile
packages:
  lints:
    dependency: "direct dev"
    description:
      name: lints
      sha256: "12f842a479589fea194fe5c5a3095abc7be0c1f2ddfa9a0e76aed1dbd26a87df"
      url: "https://pub.dev"
    source: hosted
    version: "6.1.0"
  meta:
    dependency: transitive
    description:
      name: meta
      sha256: df0c643f44ad098eb37988027a8e2b2b5a031fd3977f06bbfd3a76637e8df739
      url: "https://pub.dev"
    source: hosted
    version: "1.18.2"
  terradart_core:
    dependency: "direct main"
    description:
      name: terradart_core
      sha256: d501a227af5cd8049a8fd0cd00a9e036c6dbe44711c7ad309406428057f41201
      url: "https://pub.dev"
    source: hosted
    version: "0.8.0-dev"
  terradart_google:
    dependency: "direct main"
    description:
      name: terradart_google
      sha256: cb26469fbc19ee6a8a73e4960bd2b4d426ef671d7ef93455fa96d8ae8102482b
      url: "https://pub.dev"
    source: hosted
    version: "0.8.0-dev"
sdks:
  dart: ">=3.8.0 <4.0.0"
